
Microsoft Visual Studio Solution File, Format Version 12.00
# Visual Studio Version 17
VisualStudioVersion = 17.11.35303.130
MinimumVisualStudioVersion = 10.0.40219.1
Project("{FAE04EC0-301F-11D3-BF4B-00C04F79EFBC}") = "TetragonsCP", "TetragonsCP\TetragonsCP.csproj", "{2A42A6DF-9227-454A-ACA9-C5B20A6F7A2B}"
EndProject
Global
	GlobalSection(SolutionConfigurationPlatforms) = preSolution
		Debug|Any CPU = Debug|Any CPU
		Release|Any CPU = Release|Any CPU
	EndGlobalSection
	GlobalSection(ProjectConfigurationPlatforms) = postSolution
		{2A42A6DF-9227-454A-ACA9-C5B20A6F7A2B}.Debug|Any CPU.ActiveCfg = Debug|Any CPU
		{2A42A6DF-9227-454A-ACA9-C5B20A6F7A2B}.Debug|Any CPU.Build.0 = Debug|Any CPU
		{2A42A6DF-9227-454A-ACA9-C5B20A6F7A2B}.Release|Any CPU.ActiveCfg = Release|Any CPU
		{2A42A6DF-9227-454A-ACA9-C5B20A6F7A2B}.Release|Any CPU.Build.0 = Release|Any CPU
	EndGlobalSection
	GlobalSection(SolutionProperties) = preSolution
		HideSolutionNode = FALSE
	EndGlobalSection
	GlobalSection(ExtensibilityGlobals) = postSolution
		SolutionGuid = {535BE85B-3247-48D4-878B-B0C708A5586B}
	EndGlobalSection
EndGlobal
